Microsoft Visual Studio Solution File, Format Version 12.00
# Visual Studio Version 16
VisualStudioVersion = 16.0.28701.123
MinimumVisualStudioVersion = 10.0.40219.1
Project("{FAE04EC0-301F-11D3-BF4B-00C04F79EFBC}") = "CSF.DecoratorBuilder.Autofac", "CSF.DecoratorBuilder.Autofac\CSF.DecoratorBuilder.Autofac.csproj", "{58597BD3-6B55-4B0E-B6E6-425D6A9DD539}"
EndProject
Project("{FAE04EC0-301F-11D3-BF4B-00C04F79EFBC}") = "CSF.DecoratorBuilder.Abstractions", "CSF.DecoratorBuilder.Abstractions\CSF.DecoratorBuilder.Abstractions.csproj", "{4A164FCB-0BCA-48AE-8224-3143E60B924D}"
EndProject
Project("{FAE04EC0-301F-11D3-BF4B-00C04F79EFBC}") = "CSF.DecoratorBuilder.Tests", "CSF.DecoratorBuilder.Tests\CSF.DecoratorBuilder.Tests.csproj", "{C989363A-0B80-4F22-963B-11652E4062D2}"
EndProject
Project("{2150E333-8FDC-42A3-9474-1A3956D46DE8}") = "Docs", "Docs", "{0BF4A688-0E57-42E3-9CAD-DC1AAC8FFCA5}"
	ProjectSection(SolutionItems) = preProject
		LICENSE = LICENSE
		README.md = README.md
	EndProjectSection
EndProject
Project("{2150E333-8FDC-42A3-9474-1A3956D46DE8}") = "Tools", "Tools", "{F4BDF84A-32EF-4285-961C-E3A0E941EC6C}"
	ProjectSection(SolutionItems) = preProject
		.appveyor.yml = .appveyor.yml
		.travis.yml = .travis.yml
	EndProjectSection
EndProject
Project("{FAE04EC0-301F-11D3-BF4B-00C04F79EFBC}") = "CSF.DecoratorBuilder.Extensions.DependencyInjection", "CSF.DecoratorBuilder.Extensions.DependencyInjection\CSF.DecoratorBuilder.Extensions.DependencyInjection.csproj", "{CB76BEA6-50D1-4F20-AA77-59B8558C5B2D}"
EndProject
Project("{FAE04EC0-301F-11D3-BF4B-00C04F79EFBC}") = "CSF.DecoratorBuilder.Common", "CSF.DecoratorBuilder.Common\CSF.DecoratorBuilder.Common.csproj", "{D47EB477-F441-4746-BC06-586D473621F9}"
EndProject
Project("{FAE04EC0-301F-11D3-BF4B-00C04F79EFBC}") = "CSF.DecoratorBuilder.Docs", "CSF.DecoratorBuilder.Docs\CSF.DecoratorBuilder.Docs.csproj", "{D09A60EB-FBEA-40A4-8365-3B1E2F219ABA}"
EndProject
Global
	GlobalSection(SolutionConfigurationPlatforms) = preSolution
		Debug|Any CPU = Debug|Any CPU
		Release|Any CPU = Release|Any CPU
		Autofac_49|Any CPU = Autofac_49|Any CPU
		Autofac_50|Any CPU = Autofac_50|Any CPU
		Autofac_51|Any CPU = Autofac_51|Any CPU
		Autofac_62|Any CPU = Autofac_62|Any CPU
	EndGlobalSection
	GlobalSection(ProjectConfigurationPlatforms) = postSolution
		{58597BD3-6B55-4B0E-B6E6-425D6A9DD539}.Debug|Any CPU.ActiveCfg = Debug|Any CPU
		{58597BD3-6B55-4B0E-B6E6-425D6A9DD539}.Debug|Any CPU.Build.0 = Debug|Any CPU
		{58597BD3-6B55-4B0E-B6E6-425D6A9DD539}.Release|Any CPU.ActiveCfg = Release|Any CPU
		{58597BD3-6B55-4B0E-B6E6-425D6A9DD539}.Release|Any CPU.Build.0 = Release|Any CPU
		{58597BD3-6B55-4B0E-B6E6-425D6A9DD539}.Autofac_49|Any CPU.ActiveCfg = Autofac_49|Any CPU
		{58597BD3-6B55-4B0E-B6E6-425D6A9DD539}.Autofac_49|Any CPU.Build.0 = Autofac_49|Any CPU
		{58597BD3-6B55-4B0E-B6E6-425D6A9DD539}.Autofac_50|Any CPU.ActiveCfg = Autofac_50|Any CPU
		{58597BD3-6B55-4B0E-B6E6-425D6A9DD539}.Autofac_50|Any CPU.Build.0 = Autofac_50|Any CPU
		{58597BD3-6B55-4B0E-B6E6-425D6A9DD539}.Autofac_51|Any CPU.ActiveCfg = Autofac_51|Any CPU
		{58597BD3-6B55-4B0E-B6E6-425D6A9DD539}.Autofac_51|Any CPU.Build.0 = Autofac_51|Any CPU
		{58597BD3-6B55-4B0E-B6E6-425D6A9DD539}.Autofac_62|Any CPU.ActiveCfg = Autofac_62|Any CPU
		{58597BD3-6B55-4B0E-B6E6-425D6A9DD539}.Autofac_62|Any CPU.Build.0 = Autofac_62|Any CPU
		{4A164FCB-0BCA-48AE-8224-3143E60B924D}.Debug|Any CPU.ActiveCfg = Debug|Any CPU
		{4A164FCB-0BCA-48AE-8224-3143E60B924D}.Debug|Any CPU.Build.0 = Debug|Any CPU
		{4A164FCB-0BCA-48AE-8224-3143E60B924D}.Release|Any CPU.ActiveCfg = Release|Any CPU
		{4A164FCB-0BCA-48AE-8224-3143E60B924D}.Release|Any CPU.Build.0 = Release|Any CPU
		{4A164FCB-0BCA-48AE-8224-3143E60B924D}.Autofac_49|Any CPU.ActiveCfg = Debug|Any CPU
		{4A164FCB-0BCA-48AE-8224-3143E60B924D}.Autofac_49|Any CPU.Build.0 = Debug|Any CPU
		{4A164FCB-0BCA-48AE-8224-3143E60B924D}.Autofac_50|Any CPU.ActiveCfg = Debug|Any CPU
		{4A164FCB-0BCA-48AE-8224-3143E60B924D}.Autofac_50|Any CPU.Build.0 = Debug|Any CPU
		{4A164FCB-0BCA-48AE-8224-3143E60B924D}.Autofac_51|Any CPU.ActiveCfg = Debug|Any CPU
		{4A164FCB-0BCA-48AE-8224-3143E60B924D}.Autofac_51|Any CPU.Build.0 = Debug|Any CPU
		{4A164FCB-0BCA-48AE-8224-3143E60B924D}.Autofac_62|Any CPU.ActiveCfg = Debug|Any CPU
		{4A164FCB-0BCA-48AE-8224-3143E60B924D}.Autofac_62|Any CPU.Build.0 = Debug|Any CPU
		{C989363A-0B80-4F22-963B-11652E4062D2}.Debug|Any CPU.ActiveCfg = Debug|Any CPU
		{C989363A-0B80-4F22-963B-11652E4062D2}.Debug|Any CPU.Build.0 = Debug|Any CPU
		{C989363A-0B80-4F22-963B-11652E4062D2}.Release|Any CPU.ActiveCfg = Release|Any CPU
		{C989363A-0B80-4F22-963B-11652E4062D2}.Release|Any CPU.Build.0 = Release|Any CPU
		{C989363A-0B80-4F22-963B-11652E4062D2}.Autofac_49|Any CPU.ActiveCfg = Autofac_49|Any CPU
		{C989363A-0B80-4F22-963B-11652E4062D2}.Autofac_49|Any CPU.Build.0 = Autofac_49|Any CPU
		{C989363A-0B80-4F22-963B-11652E4062D2}.Autofac_50|Any CPU.ActiveCfg = Autofac_50|Any CPU
		{C989363A-0B80-4F22-963B-11652E4062D2}.Autofac_50|Any CPU.Build.0 = Autofac_50|Any CPU
		{C989363A-0B80-4F22-963B-11652E4062D2}.Autofac_51|Any CPU.ActiveCfg = Autofac_51|Any CPU
		{C989363A-0B80-4F22-963B-11652E4062D2}.Autofac_51|Any CPU.Build.0 = Autofac_51|Any CPU
		{C989363A-0B80-4F22-963B-11652E4062D2}.Autofac_62|Any CPU.ActiveCfg = Autofac_62|Any CPU
		{C989363A-0B80-4F22-963B-11652E4062D2}.Autofac_62|Any CPU.Build.0 = Autofac_62|Any CPU
		{CB76BEA6-50D1-4F20-AA77-59B8558C5B2D}.Debug|Any CPU.ActiveCfg = Debug|Any CPU
		{CB76BEA6-50D1-4F20-AA77-59B8558C5B2D}.Debug|Any CPU.Build.0 = Debug|Any CPU
		{CB76BEA6-50D1-4F20-AA77-59B8558C5B2D}.Release|Any CPU.ActiveCfg = Release|Any CPU
		{CB76BEA6-50D1-4F20-AA77-59B8558C5B2D}.Release|Any CPU.Build.0 = Release|Any CPU
		{CB76BEA6-50D1-4F20-AA77-59B8558C5B2D}.Autofac_49|Any CPU.ActiveCfg = Debug|Any CPU
		{CB76BEA6-50D1-4F20-AA77-59B8558C5B2D}.Autofac_49|Any CPU.Build.0 = Debug|Any CPU
		{CB76BEA6-50D1-4F20-AA77-59B8558C5B2D}.Autofac_50|Any CPU.ActiveCfg = Debug|Any CPU
		{CB76BEA6-50D1-4F20-AA77-59B8558C5B2D}.Autofac_50|Any CPU.Build.0 = Debug|Any CPU
		{CB76BEA6-50D1-4F20-AA77-59B8558C5B2D}.Autofac_51|Any CPU.ActiveCfg = Debug|Any CPU
		{CB76BEA6-50D1-4F20-AA77-59B8558C5B2D}.Autofac_51|Any CPU.Build.0 = Debug|Any CPU
		{CB76BEA6-50D1-4F20-AA77-59B8558C5B2D}.Autofac_62|Any CPU.ActiveCfg = Debug|Any CPU
		{CB76BEA6-50D1-4F20-AA77-59B8558C5B2D}.Autofac_62|Any CPU.Build.0 = Debug|Any CPU
		{D47EB477-F441-4746-BC06-586D473621F9}.Debug|Any CPU.ActiveCfg = Debug|Any CPU
		{D47EB477-F441-4746-BC06-586D473621F9}.Debug|Any CPU.Build.0 = Debug|Any CPU
		{D47EB477-F441-4746-BC06-586D473621F9}.Release|Any CPU.ActiveCfg = Release|Any CPU
		{D47EB477-F441-4746-BC06-586D473621F9}.Release|Any CPU.Build.0 = Release|Any CPU
		{D47EB477-F441-4746-BC06-586D473621F9}.Autofac_49|Any CPU.ActiveCfg = Debug|Any CPU
		{D47EB477-F441-4746-BC06-586D473621F9}.Autofac_49|Any CPU.Build.0 = Debug|Any CPU
		{D47EB477-F441-4746-BC06-586D473621F9}.Autofac_50|Any CPU.ActiveCfg = Debug|Any CPU
		{D47EB477-F441-4746-BC06-586D473621F9}.Autofac_50|Any CPU.Build.0 = Debug|Any CPU
		{D47EB477-F441-4746-BC06-586D473621F9}.Autofac_51|Any CPU.ActiveCfg = Debug|Any CPU
		{D47EB477-F441-4746-BC06-586D473621F9}.Autofac_51|Any CPU.Build.0 = Debug|Any CPU
		{D47EB477-F441-4746-BC06-586D473621F9}.Autofac_62|Any CPU.ActiveCfg = Debug|Any CPU
		{D47EB477-F441-4746-BC06-586D473621F9}.Autofac_62|Any CPU.Build.0 = Debug|Any CPU
		{D09A60EB-FBEA-40A4-8365-3B1E2F219ABA}.Debug|Any CPU.ActiveCfg = Debug|Any CPU
		{D09A60EB-FBEA-40A4-8365-3B1E2F219ABA}.Debug|Any CPU.Build.0 = Debug|Any CPU
		{D09A60EB-FBEA-40A4-8365-3B1E2F219ABA}.Release|Any CPU.ActiveCfg = Release|Any CPU
		{D09A60EB-FBEA-40A4-8365-3B1E2F219ABA}.Release|Any CPU.Build.0 = Release|Any CPU
		{D09A60EB-FBEA-40A4-8365-3B1E2F219ABA}.Autofac_49|Any CPU.ActiveCfg = Debug|Any CPU
		{D09A60EB-FBEA-40A4-8365-3B1E2F219ABA}.Autofac_49|Any CPU.Build.0 = Debug|Any CPU
		{D09A60EB-FBEA-40A4-8365-3B1E2F219ABA}.Autofac_50|Any CPU.ActiveCfg = Debug|Any CPU
		{D09A60EB-FBEA-40A4-8365-3B1E2F219ABA}.Autofac_50|Any CPU.Build.0 = Debug|Any CPU
		{D09A60EB-FBEA-40A4-8365-3B1E2F219ABA}.Autofac_51|Any CPU.ActiveCfg = Debug|Any CPU
		{D09A60EB-FBEA-40A4-8365-3B1E2F219ABA}.Autofac_51|Any CPU.Build.0 = Debug|Any CPU
		{D09A60EB-FBEA-40A4-8365-3B1E2F219ABA}.Autofac_62|Any CPU.ActiveCfg = Debug|Any CPU
		{D09A60EB-FBEA-40A4-8365-3B1E2F219ABA}.Autofac_62|Any CPU.Build.0 = Debug|Any CPU
	EndGlobalSection
	GlobalSection(SolutionProperties) = preSolution
		HideSolutionNode = FALSE
	EndGlobalSection
	GlobalSection(ExtensibilityGlobals) = postSolution
		SolutionGuid = {D53086AF-237B-4520-9662-2D595DA3E222}
	EndGlobalSection
EndGlobal
